<?xml version="1.0" encoding="utf-8"?>
<Project ToolsVersion="4.0" xmlns="http://schemas.microsoft.com/developer/msbuild/2003">
  <ItemGroup>
    <ClCompile Include="CometConquestStd.cpp" />
    <ClCompile Include="CometConquest.cpp" />
    <ClCompile Include="CometConquestEvents.cpp" />
    <ClCompile Include="CometConquestView.cpp" />
    <ClCompile Include="ShipController.cpp" />
  </ItemGroup>
  <ItemGroup>
    <ClInclude Include="CometConquestStd.h" />
    <ClInclude Include="CometConquest.h" />
    <ClInclude Include="CometConquestEvents.h" />
    <ClInclude Include="CometConquestResources.h" />
    <ClInclude Include="CometConquestNetwork.h" />
    <ClInclude Include="CometConquestView.h" />
    <ClInclude Include="ShipController.h" />
  </ItemGroup>
  <ItemGroup>
    <ResourceCompile Include="CometConquest.rc" />
  </ItemGroup>
  <ItemGroup>
    <None Include="teapot.ico" />
  </ItemGroup>
</Project>